
Microsoft Visual Studio Solution File, Format Version 12.00
# Visual Studio Version 16
VisualStudioVersion = 16.0.31112.23
MinimumVisualStudioVersion = 10.0.40219.1
Project("{FAE04EC0-301F-11D3-BF4B-00C04F79EFBC}") = "Proekt", "Proekt\Proekt.csproj", "{7D990595-37E4-4DC0-8FE5-D0DD6DD55180}"
EndProject
Global
	GlobalSection(SolutionConfigurationPlatforms) = preSolution
		Debug|Any CPU = Debug|Any CPU
		Release|Any CPU = Release|Any CPU
	EndGlobalSection
	GlobalSection(ProjectConfigurationPlatforms) = postSolution
		{7D990595-37E4-4DC0-8FE5-D0DD6DD55180}.Debug|Any CPU.ActiveCfg = Debug|Any CPU
		{7D990595-37E4-4DC0-8FE5-D0DD6DD55180}.Debug|Any CPU.Build.0 = Debug|Any CPU
		{7D990595-37E4-4DC0-8FE5-D0DD6DD55180}.Release|Any CPU.ActiveCfg = Release|Any CPU
		{7D990595-37E4-4DC0-8FE5-D0DD6DD55180}.Release|Any CPU.Build.0 = Release|Any CPU
	EndGlobalSection
	GlobalSection(SolutionProperties) = preSolution
		HideSolutionNode = FALSE
	EndGlobalSection
	GlobalSection(ExtensibilityGlobals) = postSolution
		SolutionGuid = {D3E1708C-FFA3-4607-B12F-8B7387B7D334}
	EndGlobalSection
EndGlobal
